// !$*UTF8*$!
{
	archiveVersion = 1;
	classes = {
	};
	objectVersion = 56;
	objects = {

/* Begin PBXBuildFile section */
		D907198A2A6927D600B47B10 /* WebViewController.swift in Sources */ = {isa = PBXBuildFile; fileRef = D90719892A6927D600B47B10 /* WebViewController.swift */; };
		D907198C2A69294C00B47B10 /* WebView.swift in Sources */ = {isa = PBXBuildFile; fileRef = D907198B2A69294C00B47B10 /* WebView.swift */; };
		D907198E2A692A4200B47B10 /* WebViewReducer.swift in Sources */ = {isa = PBXBuildFile; fileRef = D907198D2A692A4200B47B10 /* WebViewReducer.swift */; };
		D90B29542A5AC1BB00DFF3A4 /* TwoCounterView.swift in Sources */ = {isa = PBXBuildFile; fileRef = D90B29532A5AC1BB00DFF3A4 /* TwoCounterView.swift */; };
		D90B29562A5AC1C000DFF3A4 /* TwoCounter.swift in Sources */ = {isa = PBXBuildFile; fileRef = D90B29552A5AC1C000DFF3A4 /* TwoCounter.swift */; };
		D90BDA962A70259D002430F9 /* MyWebPageView.swift in Sources */ = {isa = PBXBuildFile; fileRef = D90BDA952A70259D002430F9 /* MyWebPageView.swift */; };
		D90BDA982A7027FD002430F9 /* MyWebPage.swift in Sources */ = {isa = PBXBuildFile; fileRef = D90BDA972A7027FD002430F9 /* MyWebPage.swift */; };
		D921E9042A56BC7400949A78 /* Root.swift in Sources */ = {isa = PBXBuildFile; fileRef = D921E9032A56BC7400949A78 /* Root.swift */; };
		D9338F1A2A3454E200B8ADDA /* TCA_PracticeApp.swift in Sources */ = {isa = PBXBuildFile; fileRef = D9338F192A3454E200B8ADDA /* TCA_PracticeApp.swift */; };
		D9338F1C2A3454E200B8ADDA /* RootView.swift in Sources */ = {isa = PBXBuildFile; fileRef = D9338F1B2A3454E200B8ADDA /* RootView.swift */; };
		D9338F1E2A3454E300B8ADDA /* Assets.xcassets in Resources */ = {isa = PBXBuildFile; fileRef = D9338F1D2A3454E300B8ADDA /* Assets.xcassets */; };
		D9338F212A3454E300B8ADDA /* Preview Assets.xcassets in Resources */ = {isa = PBXBuildFile; fileRef = D9338F202A3454E300B8ADDA /* Preview Assets.xcassets */; };
		D9338F292A34551D00B8ADDA /* ComposableArchitecture in Frameworks */ = {isa = PBXBuildFile; productRef = D9338F282A34551D00B8ADDA /* ComposableArchitecture */; };
		D9338F2C2A34564800B8ADDA /* CounterView.swift in Sources */ = {isa = PBXBuildFile; fileRef = D9338F2B2A34564800B8ADDA /* CounterView.swift */; };
		D9338F302A34565A00B8ADDA /* Counter.swift in Sources */ = {isa = PBXBuildFile; fileRef = D9338F2F2A34565A00B8ADDA /* Counter.swift */; };
		D93FC0972A39DFAB0023EBEA /* RandomGeneratorView.swift in Sources */ = {isa = PBXBuildFile; fileRef = D93FC0962A39DFAB0023EBEA /* RandomGeneratorView.swift */; };
		D93FC0992A39DFB50023EBEA /* RandomGenerator.swift in Sources */ = {isa = PBXBuildFile; fileRef = D93FC0982A39DFB50023EBEA /* RandomGenerator.swift */; };
		D9655E912A5EB85A0058981D /* BakeryView.swift in Sources */ = {isa = PBXBuildFile; fileRef = D9655E902A5EB85A0058981D /* BakeryView.swift */; };
		D9655E932A5EB8600058981D /* BakingMachineView.swift in Sources */ = {isa = PBXBuildFile; fileRef = D9655E922A5EB8600058981D /* BakingMachineView.swift */; };
		D9655E952A5EB9260058981D /* Bakery.swift in Sources */ = {isa = PBXBuildFile; fileRef = D9655E942A5EB9260058981D /* Bakery.swift */; };
		D9655E972A5EB9AD0058981D /* BakingMachine.swift in Sources */ = {isa = PBXBuildFile; fileRef = D9655E962A5EB9AD0058981D /* BakingMachine.swift */; };
		D9ECB2272A38AD10003050CC /* RandomAPI.swift in Sources */ = {isa = PBXBuildFile; fileRef = D9ECB2262A38AD10003050CC /* RandomAPI.swift */; };
		D9F6B0F62A46C4BB00FA4716 /* TwoButtonView.swift in Sources */ = {isa = PBXBuildFile; fileRef = D9F6B0F52A46C4BB00FA4716 /* TwoButtonView.swift */; };
		D9F6B0F82A46C4C700FA4716 /* TwoButton.swift in Sources */ = {isa = PBXBuildFile; fileRef = D9F6B0F72A46C4C700FA4716 /* TwoButton.swift */; };
/* End PBXBuildFile section */

/* Begin PBXFileReference section */
		D90719892A6927D600B47B10 /* WebViewController.swift */ = {isa = PBXFileReference; lastKnownFileType = sourcecode.swift; path = WebViewController.swift; sourceTree = "<group>"; };
		D907198B2A69294C00B47B10 /* WebView.swift */ = {isa = PBXFileReference; lastKnownFileType = sourcecode.swift; path = WebView.swift; sourceTree = "<group>"; };
		D907198D2A692A4200B47B10 /* WebViewReducer.swift */ = {isa = PBXFileReference; lastKnownFileType = sourcecode.swift; path = WebViewReducer.swift; sourceTree = "<group>"; };
		D90B29532A5AC1BB00DFF3A4 /* TwoCounterView.swift */ = {isa = PBXFileReference; lastKnownFileType = sourcecode.swift; path = TwoCounterView.swift; sourceTree = "<group>"; };
		D90B29552A5AC1C000DFF3A4 /* TwoCounter.swift */ = {isa = PBXFileReference; lastKnownFileType = sourcecode.swift; path = TwoCounter.swift; sourceTree = "<group>"; };
		D90BDA952A70259D002430F9 /* MyWebPageView.swift */ = {isa = PBXFileReference; lastKnownFileType = sourcecode.swift; path = MyWebPageView.swift; sourceTree = "<group>"; };
		D90BDA972A7027FD002430F9 /* MyWebPage.swift */ = {isa = PBXFileReference; lastKnownFileType = sourcecode.swift; path = MyWebPage.swift; sourceTree = "<group>"; };
		D921E9032A56BC7400949A78 /* Root.swift */ = {isa = PBXFileReference; lastKnownFileType = sourcecode.swift; path = Root.swift; sourceTree = "<group>"; };
		D9338F162A3454E200B8ADDA /* TCA-Practice.app */ = {isa = PBXFileReference; explicitFileType = wrapper.application; includeInIndex = 0; path = "TCA-Practice.app"; sourceTree = BUILT_PRODUCTS_DIR; };
		D9338F192A3454E200B8ADDA /* TCA_PracticeApp.swift */ = {isa = PBXFileReference; lastKnownFileType = sourcecode.swift; path = TCA_PracticeApp.swift; sourceTree = "<group>"; };
		D9338F1B2A3454E200B8ADDA /* RootView.swift */ = {isa = PBXFileReference; lastKnownFileType = sourcecode.swift; path = RootView.swift; sourceTree = "<group>"; };
		D9338F1D2A3454E300B8ADDA /* Assets.xcassets */ = {isa = PBXFileReference; lastKnownFileType = folder.assetcatalog; path = Assets.xcassets; sourceTree = "<group>"; };
		D9338F202A3454E300B8ADDA /* Preview Assets.xcassets */ = {isa = PBXFileReference; lastKnownFileType = folder.assetcatalog; path = "Preview Assets.xcassets"; sourceTree = "<group>"; };
		D9338F2B2A34564800B8ADDA /* CounterView.swift */ = {isa = PBXFileReference; lastKnownFileType = sourcecode.swift; path = CounterView.swift; sourceTree = "<group>"; };
		D9338F2F2A34565A00B8ADDA /* Counter.swift */ = {isa = PBXFileReference; lastKnownFileType = sourcecode.swift; path = Counter.swift; sourceTree = "<group>"; };
		D93FC0962A39DFAB0023EBEA /* RandomGeneratorView.swift */ = {isa = PBXFileReference; lastKnownFileType = sourcecode.swift; path = RandomGeneratorView.swift; sourceTree = "<group>"; };
		D93FC0982A39DFB50023EBEA /* RandomGenerator.swift */ = {isa = PBXFileReference; lastKnownFileType = sourcecode.swift; path = RandomGenerator.swift; sourceTree = "<group>"; };
		D9655E902A5EB85A0058981D /* BakeryView.swift */ = {isa = PBXFileReference; lastKnownFileType = sourcecode.swift; path = BakeryView.swift; sourceTree = "<group>"; };
		D9655E922A5EB8600058981D /* BakingMachineView.swift */ = {isa = PBXFileReference; lastKnownFileType = sourcecode.swift; path = BakingMachineView.swift; sourceTree = "<group>"; };
		D9655E942A5EB9260058981D /* Bakery.swift */ = {isa = PBXFileReference; lastKnownFileType = sourcecode.swift; path = Bakery.swift; sourceTree = "<group>"; };
		D9655E962A5EB9AD0058981D /* BakingMachine.swift */ = {isa = PBXFileReference; lastKnownFileType = sourcecode.swift; path = BakingMachine.swift; sourceTree = "<group>"; };
		D9ECB2262A38AD10003050CC /* RandomAPI.swift */ = {isa = PBXFileReference; lastKnownFileType = sourcecode.swift; path = RandomAPI.swift; sourceTree = "<group>"; };
		D9F6B0F52A46C4BB00FA4716 /* TwoButtonView.swift */ = {isa = PBXFileReference; lastKnownFileType = sourcecode.swift; path = TwoButtonView.swift; sourceTree = "<group>"; };
		D9F6B0F72A46C4C700FA4716 /* TwoButton.swift */ = {isa = PBXFileReference; lastKnownFileType = sourcecode.swift; path = TwoButton.swift; sourceTree = "<group>"; };
/* End PBXFileReference section */

/* Begin PBXFrameworksBuildPhase section */
		D9338F132A3454E100B8ADDA /* Frameworks */ = {
			isa = PBXFrameworksBuildPhase;
			buildActionMask = 2147483647;
			files = (
				D9338F292A34551D00B8ADDA /* ComposableArchitecture in Frameworks */,
			);
			runOnlyForDeploymentPostprocessing = 0;
		};
/* End PBXFrameworksBuildPhase section */

/* Begin PBXGroup section */
		D90719882A6927BD00B47B10 /* 06_WebView */ = {
			isa = PBXGroup;
			children = (
				D90BDA952A70259D002430F9 /* MyWebPageView.swift */,
				D90BDA972A7027FD002430F9 /* MyWebPage.swift */,
				D907198B2A69294C00B47B10 /* WebView.swift */,
				D907198D2A692A4200B47B10 /* WebViewReducer.swift */,
				D90719892A6927D600B47B10 /* WebViewController.swift */,
			);
			path = 06_WebView;
			sourceTree = "<group>";
		};
		D90B29522A5A6ACD00DFF3A4 /* 04_Scope */ = {
			isa = PBXGroup;
			children = (
				D90B29532A5AC1BB00DFF3A4 /* TwoCounterView.swift */,
				D90B29552A5AC1C000DFF3A4 /* TwoCounter.swift */,
			);
			path = 04_Scope;
			sourceTree = "<group>";
		};
		D9338F0D2A3454E100B8ADDA = {
			isa = PBXGroup;
			children = (
				D9338F182A3454E200B8ADDA /* TCA-Practice */,
				D9338F172A3454E200B8ADDA /* Products */,
			);
			sourceTree = "<group>";
		};
		D9338F172A3454E200B8ADDA /* Products */ = {
			isa = PBXGroup;
			children = (
				D9338F162A3454E200B8ADDA /* TCA-Practice.app */,
			);
			name = Products;
			sourceTree = "<group>";
		};
		D9338F182A3454E200B8ADDA /* TCA-Practice */ = {
			isa = PBXGroup;
			children = (
				D9338F192A3454E200B8ADDA /* TCA_PracticeApp.swift */,
				D921E9032A56BC7400949A78 /* Root.swift */,
				D9338F1B2A3454E200B8ADDA /* RootView.swift */,
				D9338F2A2A34563400B8ADDA /* 01_ReducerProtocol, StoreOf, WithViewStore */,
				D9ECB2252A38ACFC003050CC /* 02_TaskResult, run */,
				D9F6B0F42A46C2B300FA4716 /* 03_printChanges */,
				D90B29522A5A6ACD00DFF3A4 /* 04_Scope */,
				D9655E8F2A5EB7D40058981D /* 05_Parent-Child Event Communication */,
				D90719882A6927BD00B47B10 /* 06_WebView */,
				D9338F1D2A3454E300B8ADDA /* Assets.xcassets */,
				D9338F1F2A3454E300B8ADDA /* Preview Content */,
			);
			path = "TCA-Practice";
			sourceTree = "<group>";
		};
		D9338F1F2A3454E300B8ADDA /* Preview Content */ = {
			isa = PBXGroup;
			children = (
				D9338F202A3454E300B8ADDA /* Preview Assets.xcassets */,
			);
			path = "Preview Content";
			sourceTree = "<group>";
		};
		D9338F2A2A34563400B8ADDA /* 01_ReducerProtocol, StoreOf, WithViewStore */ = {
			isa = PBXGroup;
			children = (
				D9338F2B2A34564800B8ADDA /* CounterView.swift */,
				D9338F2F2A34565A00B8ADDA /* Counter.swift */,
			);
			path = "01_ReducerProtocol, StoreOf, WithViewStore";
			sourceTree = "<group>";
		};
		D9655E8F2A5EB7D40058981D /* 05_Parent-Child Event Communication */ = {
			isa = PBXGroup;
			children = (
				D9655E902A5EB85A0058981D /* BakeryView.swift */,
				D9655E942A5EB9260058981D /* Bakery.swift */,
				D9655E922A5EB8600058981D /* BakingMachineView.swift */,
				D9655E962A5EB9AD0058981D /* BakingMachine.swift */,
			);
			path = "05_Parent-Child Event Communication";
			sourceTree = "<group>";
		};
		D9ECB2252A38ACFC003050CC /* 02_TaskResult, run */ = {
			isa = PBXGroup;
			children = (
				D9ECB2262A38AD10003050CC /* RandomAPI.swift */,
				D93FC0962A39DFAB0023EBEA /* RandomGeneratorView.swift */,
				D93FC0982A39DFB50023EBEA /* RandomGenerator.swift */,
			);
			path = "02_TaskResult, run";
			sourceTree = "<group>";
		};
		D9F6B0F42A46C2B300FA4716 /* 03_printChanges */ = {
			isa = PBXGroup;
			children = (
				D9F6B0F52A46C4BB00FA4716 /* TwoButtonView.swift */,
				D9F6B0F72A46C4C700FA4716 /* TwoButton.swift */,
			);
			path = 03_printChanges;
			sourceTree = "<group>";
		};
/* End PBXGroup section */

/* Begin PBXNativeTarget section */
		D9338F152A3454E100B8ADDA /* TCA-Practice */ = {
			isa = PBXNativeTarget;
			buildConfigurationList = D9338F242A3454E300B8ADDA /* Build configuration list for PBXNativeTarget "TCA-Practice" */;
			buildPhases = (
				D9338F122A3454E100B8ADDA /* Sources */,
				D9338F132A3454E100B8ADDA /* Frameworks */,
				D9338F142A3454E100B8ADDA /* Resources */,
			);
			buildRules = (
			);
			dependencies = (
			);
			name = "TCA-Practice";
			packageProductDependencies = (
				D9338F282A34551D00B8ADDA /* ComposableArchitecture */,
			);
			productName = "TCA-Practice";
			productReference = D9338F162A3454E200B8ADDA /* TCA-Practice.app */;
			productType = "com.apple.product-type.application";
		};
/* End PBXNativeTarget section */

/* Begin PBXProject section */
		D9338F0E2A3454E100B8ADDA /* Project object */ = {
			isa = PBXProject;
			attributes = {
				BuildIndependentTargetsInParallel = 1;
				LastSwiftUpdateCheck = 1430;
				LastUpgradeCheck = 1430;
				TargetAttributes = {
					D9338F152A3454E100B8ADDA = {
						CreatedOnToolsVersion = 14.3;
					};
				};
			};
			buildConfigurationList = D9338F112A3454E100B8ADDA /* Build configuration list for PBXProject "TCA-Practice" */;
			compatibilityVersion = "Xcode 14.0";
			developmentRegion = en;
			hasScannedForEncodings = 0;
			knownRegions = (
				en,
				Base,
			);
			mainGroup = D9338F0D2A3454E100B8ADDA;
			packageReferences = (
				D9338F272A34551D00B8ADDA /* XCRemoteSwiftPackageReference "swift-composable-architecture" */,
			);
			productRefGroup = D9338F172A3454E200B8ADDA /* Products */;
			projectDirPath = "";
			projectRoot = "";
			targets = (
				D9338F152A3454E100B8ADDA /* TCA-Practice */,
			);
		};
/* End PBXProject section */

/* Begin PBXResourcesBuildPhase section */
		D9338F142A3454E100B8ADDA /* Resources */ = {
			isa = PBXResourcesBuildPhase;
			buildActionMask = 2147483647;
			files = (
				D9338F212A3454E300B8ADDA /* Preview Assets.xcassets in Resources */,
				D9338F1E2A3454E300B8ADDA /* Assets.xcassets in Resources */,
			);
			runOnlyForDeploymentPostprocessing = 0;
		};
/* End PBXResourcesBuildPhase section */

/* Begin PBXSourcesBuildPhase section */
		D9338F122A3454E100B8ADDA /* Sources */ = {
			isa = PBXSourcesBuildPhase;
			buildActionMask = 2147483647;
			files = (
				D93FC0992A39DFB50023EBEA /* RandomGenerator.swift in Sources */,
				D90B29562A5AC1C000DFF3A4 /* TwoCounter.swift in Sources */,
				D9338F302A34565A00B8ADDA /* Counter.swift in Sources */,
				D9655E912A5EB85A0058981D /* BakeryView.swift in Sources */,
				D90B29542A5AC1BB00DFF3A4 /* TwoCounterView.swift in Sources */,
				D9655E932A5EB8600058981D /* BakingMachineView.swift in Sources */,
				D90BDA962A70259D002430F9 /* MyWebPageView.swift in Sources */,
				D9ECB2272A38AD10003050CC /* RandomAPI.swift in Sources */,
				D9F6B0F82A46C4C700FA4716 /* TwoButton.swift in Sources */,
				D9338F1C2A3454E200B8ADDA /* RootView.swift in Sources */,
				D9338F1A2A3454E200B8ADDA /* TCA_PracticeApp.swift in Sources */,
				D9655E972A5EB9AD0058981D /* BakingMachine.swift in Sources */,
				D9338F2C2A34564800B8ADDA /* CounterView.swift in Sources */,
				D907198A2A6927D600B47B10 /* WebViewController.swift in Sources */,
				D90BDA982A7027FD002430F9 /* MyWebPage.swift in Sources */,
				D907198E2A692A4200B47B10 /* WebViewReducer.swift in Sources */,
				D93FC0972A39DFAB0023EBEA /* RandomGeneratorView.swift in Sources */,
				D921E9042A56BC7400949A78 /* Root.swift in Sources */,
				D907198C2A69294C00B47B10 /* WebView.swift in Sources */,
				D9F6B0F62A46C4BB00FA4716 /* TwoButtonView.swift in Sources */,
				D9655E952A5EB9260058981D /* Bakery.swift in Sources */,
			);
			runOnlyForDeploymentPostprocessing = 0;
		};
/* End PBXSourcesBuildPhase section */

/* Begin XCBuildConfiguration section */
		D9338F222A3454E300B8ADDA /* Debug */ = {
			isa = XCBuildConfiguration;
			buildSettings = {
				ALWAYS_SEARCH_USER_PATHS = NO;
				CLANG_ANALYZER_NONNULL = YES;
				CLANG_ANALYZER_NUMBER_OBJECT_CONVERSION = YES_AGGRESSIVE;
				CLANG_CXX_LANGUAGE_STANDARD = "gnu++20";
				CLANG_ENABLE_MODULES = YES;
				CLANG_ENABLE_OBJC_ARC = YES;
				CLANG_ENABLE_OBJC_WEAK = YES;
				CLANG_WARN_BLOCK_CAPTURE_AUTORELEASING = YES;
				CLANG_WARN_BOOL_CONVERSION = YES;
				CLANG_WARN_COMMA = YES;
				CLANG_WARN_CONSTANT_CONVERSION = YES;
				CLANG_WARN_DEPRECATED_OBJC_IMPLEMENTATIONS = YES;
				CLANG_WARN_DIRECT_OBJC_ISA_USAGE = YES_ERROR;
				CLANG_WARN_DOCUMENTATION_COMMENTS = YES;
				CLANG_WARN_EMPTY_BODY = YES;
				CLANG_WARN_ENUM_CONVERSION = YES;
				CLANG_WARN_INFINITE_RECURSION = YES;
				CLANG_WARN_INT_CONVERSION = YES;
				CLANG_WARN_NON_LITERAL_NULL_CONVERSION = YES;
				CLANG_WARN_OBJC_IMPLICIT_RETAIN_SELF = YES;
				CLANG_WARN_OBJC_LITERAL_CONVERSION = YES;
				CLANG_WARN_OBJC_ROOT_CLASS = YES_ERROR;
				CLANG_WARN_QUOTED_INCLUDE_IN_FRAMEWORK_HEADER = YES;
				CLANG_WARN_RANGE_LOOP_ANALYSIS = YES;
				CLANG_WARN_STRICT_PROTOTYPES = YES;
				CLANG_WARN_SUSPICIOUS_MOVE = YES;
				CLANG_WARN_UNGUARDED_AVAILABILITY = YES_AGGRESSIVE;
				CLANG_WARN_UNREACHABLE_CODE = YES;
				CLANG_WARN__DUPLICATE_METHOD_MATCH = YES;
				COPY_PHASE_STRIP = NO;
				DEBUG_INFORMATION_FORMAT = dwarf;
				ENABLE_STRICT_OBJC_MSGSEND = YES;
				ENABLE_TESTABILITY = YES;
				GCC_C_LANGUAGE_STANDARD = gnu11;
				GCC_DYNAMIC_NO_PIC = NO;
				GCC_NO_COMMON_BLOCKS = YES;
				GCC_OPTIMIZATION_LEVEL = 0;
				GCC_PREPROCESSOR_DEFINITIONS = (
					"DEBUG=1",
					"$(inherited)",
				);
				GCC_WARN_64_TO_32_BIT_CONVERSION = YES;
				GCC_WARN_ABOUT_RETURN_TYPE = YES_ERROR;
				GCC_WARN_UNDECLARED_SELECTOR = YES;
				GCC_WARN_UNINITIALIZED_AUTOS = YES_AGGRESSIVE;
				GCC_WARN_UNUSED_FUNCTION = YES;
				GCC_WARN_UNUSED_VARIABLE = YES;
				IPHONEOS_DEPLOYMENT_TARGET = 16.4;
				MTL_ENABLE_DEBUG_INFO = INCLUDE_SOURCE;
				MTL_FAST_MATH = YES;
				ONLY_ACTIVE_ARCH = YES;
				SDKROOT = iphoneos;
				SWIFT_ACTIVE_COMPILATION_CONDITIONS = DEBUG;
				SWIFT_OPTIMIZATION_LEVEL = "-Onone";
			};
			name = Debug;
		};
		D9338F232A3454E300B8ADDA /* Release */ = {
			isa = XCBuildConfiguration;
			buildSettings = {
				ALWAYS_SEARCH_USER_PATHS = NO;
				CLANG_ANALYZER_NONNULL = YES;
				CLANG_ANALYZER_NUMBER_OBJECT_CONVERSION = YES_AGGRESSIVE;
				CLANG_CXX_LANGUAGE_STANDARD = "gnu++20";
				CLANG_ENABLE_MODULES = YES;
				CLANG_ENABLE_OBJC_ARC = YES;
				CLANG_ENABLE_OBJC_WEAK = YES;
				CLANG_WARN_BLOCK_CAPTURE_AUTORELEASING = YES;
				CLANG_WARN_BOOL_CONVERSION = YES;
				CLANG_WARN_COMMA = YES;
				CLANG_WARN_CONSTANT_CONVERSION = YES;
				CLANG_WARN_DEPRECATED_OBJC_IMPLEMENTATIONS = YES;
				CLANG_WARN_DIRECT_OBJC_ISA_USAGE = YES_ERROR;
				CLANG_WARN_DOCUMENTATION_COMMENTS = YES;
				CLANG_WARN_EMPTY_BODY = YES;
				CLANG_WARN_ENUM_CONVERSION = YES;
				CLANG_WARN_INFINITE_RECURSION = YES;
				CLANG_WARN_INT_CONVERSION = YES;
				CLANG_WARN_NON_LITERAL_NULL_CONVERSION = YES;
				CLANG_WARN_OBJC_IMPLICIT_RETAIN_SELF = YES;
				CLANG_WARN_OBJC_LITERAL_CONVERSION = YES;
				CLANG_WARN_OBJC_ROOT_CLASS = YES_ERROR;
				CLANG_WARN_QUOTED_INCLUDE_IN_FRAMEWORK_HEADER = YES;
				CLANG_WARN_RANGE_LOOP_ANALYSIS = YES;
				CLANG_WARN_STRICT_PROTOTYPES = YES;
				CLANG_WARN_SUSPICIOUS_MOVE = YES;
				CLANG_WARN_UNGUARDED_AVAILABILITY = YES_AGGRESSIVE;
				CLANG_WARN_UNREACHABLE_CODE = YES;
				CLANG_WARN__DUPLICATE_METHOD_MATCH = YES;
				COPY_PHASE_STRIP = NO;
				DEBUG_INFORMATION_FORMAT = "dwarf-with-dsym";
				ENABLE_NS_ASSERTIONS = NO;
				ENABLE_STRICT_OBJC_MSGSEND = YES;
				GCC_C_LANGUAGE_STANDARD = gnu11;
				GCC_NO_COMMON_BLOCKS = YES;
				GCC_WARN_64_TO_32_BIT_CONVERSION = YES;
				GCC_WARN_ABOUT_RETURN_TYPE = YES_ERROR;
				GCC_WARN_UNDECLARED_SELECTOR = YES;
				GCC_WARN_UNINITIALIZED_AUTOS = YES_AGGRESSIVE;
				GCC_WARN_UNUSED_FUNCTION = YES;
				GCC_WARN_UNUSED_VARIABLE = YES;
				IPHONEOS_DEPLOYMENT_TARGET = 16.4;
				MTL_ENABLE_DEBUG_INFO = NO;
				MTL_FAST_MATH = YES;
				SDKROOT = iphoneos;
				SWIFT_COMPILATION_MODE = wholemodule;
				SWIFT_OPTIMIZATION_LEVEL = "-O";
				VALIDATE_PRODUCT = YES;
			};
			name = Release;
		};
		D9338F252A3454E300B8ADDA /* Debug */ = {
			isa = XCBuildConfiguration;
			buildSettings = {
				ASSETCATALOG_COMPILER_APPICON_NAME = AppIcon;
				ASSETCATALOG_COMPILER_GLOBAL_ACCENT_COLOR_NAME = AccentColor;
				CODE_SIGN_STYLE = Automatic;
				CURRENT_PROJECT_VERSION = 1;
				DEVELOPMENT_ASSET_PATHS = "\"TCA-Practice/Preview Content\"";
				DEVELOPMENT_TEAM = KYG7C4ND55;
				ENABLE_PREVIEWS = YES;
				GENERATE_INFOPLIST_FILE = YES;
				INFOPLIST_KEY_UIApplicationSceneManifest_Generation = YES;
				INFOPLIST_KEY_UIApplicationSupportsIndirectInputEvents = YES;
				INFOPLIST_KEY_UILaunchScreen_Generation = YES;
				INFOPLIST_KEY_UISupportedInterfaceOrientations_iPad = "UIInterfaceOrientationPortrait UIInterfaceOrientationPortraitUpsideDown UIInterfaceOrientationLandscapeLeft UIInterfaceOrientationLandscapeRight";
				INFOPLIST_KEY_UISupportedInterfaceOrientations_iPhone = "UIInterfaceOrientationPortrait UIInterfaceOrientationLandscapeLeft UIInterfaceOrientationLandscapeRight";
				LD_RUNPATH_SEARCH_PATHS = (
					"$(inherited)",
					"@executable_path/Frameworks",
				);
				MARKETING_VERSION = 1.0;
				PRODUCT_BUNDLE_IDENTIFIER = "com.sample.TCA-Practice";
				PRODUCT_NAME = "$(TARGET_NAME)";
				SWIFT_EMIT_LOC_STRINGS = YES;
				SWIFT_VERSION = 5.0;
				TARGETED_DEVICE_FAMILY = "1,2";
			};
			name = Debug;
		};
		D9338F262A3454E300B8ADDA /* Release */ = {
			isa = XCBuildConfiguration;
			buildSettings = {
				ASSETCATALOG_COMPILER_APPICON_NAME = AppIcon;
				ASSETCATALOG_COMPILER_GLOBAL_ACCENT_COLOR_NAME = AccentColor;
				CODE_SIGN_STYLE = Automatic;
				CURRENT_PROJECT_VERSION = 1;
				DEVELOPMENT_ASSET_PATHS = "\"TCA-Practice/Preview Content\"";
				DEVELOPMENT_TEAM = KYG7C4ND55;
				ENABLE_PREVIEWS = YES;
				GENERATE_INFOPLIST_FILE = YES;
				INFOPLIST_KEY_UIApplicationSceneManifest_Generation = YES;
				INFOPLIST_KEY_UIApplicationSupportsIndirectInputEvents = YES;
				INFOPLIST_KEY_UILaunchScreen_Generation = YES;
				INFOPLIST_KEY_UISupportedInterfaceOrientations_iPad = "UIInterfaceOrientationPortrait UIInterfaceOrientationPortraitUpsideDown UIInterfaceOrientationLandscapeLeft UIInterfaceOrientationLandscapeRight";
				INFOPLIST_KEY_UISupportedInterfaceOrientations_iPhone = "UIInterfaceOrientationPortrait UIInterfaceOrientationLandscapeLeft UIInterfaceOrientationLandscapeRight";
				LD_RUNPATH_SEARCH_PATHS = (
					"$(inherited)",
					"@executable_path/Frameworks",
				);
				MARKETING_VERSION = 1.0;
				PRODUCT_BUNDLE_IDENTIFIER = "com.sample.TCA-Practice";
				PRODUCT_NAME = "$(TARGET_NAME)";
				SWIFT_EMIT_LOC_STRINGS = YES;
				SWIFT_VERSION = 5.0;
				TARGETED_DEVICE_FAMILY = "1,2";
			};
			name = Release;
		};
/* End XCBuildConfiguration section */

/* Begin XCConfigurationList section */
		D9338F112A3454E100B8ADDA /* Build configuration list for PBXProject "TCA-Practice" */ = {
			isa = XCConfigurationList;
			buildConfigurations = (
				D9338F222A3454E300B8ADDA /* Debug */,
				D9338F232A3454E300B8ADDA /* Release */,
			);
			defaultConfigurationIsVisible = 0;
			defaultConfigurationName = Release;
		};
		D9338F242A3454E300B8ADDA /* Build configuration list for PBXNativeTarget "TCA-Practice" */ = {
			isa = XCConfigurationList;
			buildConfigurations = (
				D9338F252A3454E300B8ADDA /* Debug */,
				D9338F262A3454E300B8ADDA /* Release */,
			);
			defaultConfigurationIsVisible = 0;
			defaultConfigurationName = Release;
		};
/* End XCConfigurationList section */

/* Begin XCRemoteSwiftPackageReference section */
		D9338F272A34551D00B8ADDA /* XCRemoteSwiftPackageReference "swift-composable-architecture" */ = {
			isa = XCRemoteSwiftPackageReference;
			repositoryURL = "https://github.com/pointfreeco/swift-composable-architecture.git";
			requirement = {
				kind = upToNextMajorVersion;
				minimumVersion = 0.54.0;
			};
		};
/* End XCRemoteSwiftPackageReference section */

/* Begin XCSwiftPackageProductDependency section */
		D9338F282A34551D00B8ADDA /* ComposableArchitecture */ = {
			isa = XCSwiftPackageProductDependency;
			package = D9338F272A34551D00B8ADDA /* XCRemoteSwiftPackageReference "swift-composable-architecture" */;
			productName = ComposableArchitecture;
		};
/* End XCSwiftPackageProductDependency section */
	};
	rootObject = D9338F0E2A3454E100B8ADDA /* Project object */;
}
